
Microsoft Visual Studio Solution File, Format Version 12.00
# Visual Studio 15
VisualStudioVersion = 15.0.28307.572
MinimumVisualStudioVersion = 10.0.40219.1
Project("{FAE04EC0-301F-11D3-BF4B-00C04F79EFBC}") = "Cinnamine", "TriggerBot\Cinnamine.csproj", "{05B3032F-0BB6-4CF6-A415-5C20CCAB7E46}"
EndProject
Global
	GlobalSection(SolutionConfigurationPlatforms) = preSolution
		Debug|Any CPU = Debug|Any CPU
		Release|Any CPU = Release|Any CPU
	EndGlobalSection
	GlobalSection(ProjectConfigurationPlatforms) = postSolution
		{05B3032F-0BB6-4CF6-A415-5C20CCAB7E46}.Debug|Any CPU.ActiveCfg = Debug|Any CPU
		{05B3032F-0BB6-4CF6-A415-5C20CCAB7E46}.Debug|Any CPU.Build.0 = Debug|Any CPU
		{05B3032F-0BB6-4CF6-A415-5C20CCAB7E46}.Release|Any CPU.ActiveCfg = Release|Any CPU
		{05B3032F-0BB6-4CF6-A415-5C20CCAB7E46}.Release|Any CPU.Build.0 = Release|Any CPU
	EndGlobalSection
	GlobalSection(SolutionProperties) = preSolution
		HideSolutionNode = FALSE
	EndGlobalSection
	GlobalSection(ExtensibilityGlobals) = postSolution
		SolutionGuid = {F5989096-4924-48D1-91F8-F989D380C138}
	EndGlobalSection
EndGlobal
